{
  "originHash" : "585de65ec84bdc73f6deeeae4c06a24b4faad1e9a27fec127e94e749437f478e",
  "pins" : [
    {
      "identity" : "apollonetwork",
      "kind" : "remoteSourceControl",
      "location" : "https://github.com/gavineadie/ApolloNetwork",
      "state" : {
        "revision" : "045784fc929da60c8b6eb94821287221ab9744be",
        "version" : "0.1.4"
      }
    }
  ],
  "version" : 3
}
