{
  "originHash" : "43c35f4d081f129fd3ddffbf76b5059b3bd25b0d439da484d691fc51c30230da",
  "pins" : [
    {
      "identity" : "apollonetwork",
      "kind" : "remoteSourceControl",
      "location" : "https://github.com/gavineadie/ApolloNetwork.git",
      "state" : {
        "revision" : "3a0f9707ba94bf503e7fd4e2b1791ae7dc161af4",
        "version" : "0.1.0"
      }
    }
  ],
  "version" : 3
}
