// !$*UTF8*$!
{
	archiveVersion = 1;
	classes = {
	};
	objectVersion = 70;
	objects = {

/* Begin PBXBuildFile section */
		862D71062E666F19001E0EAA /* ApoDisKey.icon in Resources */ = {isa = PBXBuildFile; fileRef = 862D71052E666F19001E0EAA /* ApoDisKey.icon */; };
		862F89E72EA024DB00AD6F66 /* ApolloNetwork in Frameworks */ = {isa = PBXBuildFile; productRef = 862F89E62EA024DB00AD6F66 /* ApolloNetwork */; };
		862F8A2B2EA029E700AD6F66 /* ApolloNetwork in Frameworks */ = {isa = PBXBuildFile; productRef = 862F8A2A2EA029E700AD6F66 /* ApolloNetwork */; };
/* End PBXBuildFile section */

/* Begin PBXContainerItemProxy section */
		867EBD762C3A1E2A004C4DDD /* PBXContainerItemProxy */ = {
			isa = PBXContainerItemProxy;
			containerPortal = 867EBD5C2C3A1E29004C4DDD /* Project object */;
			proxyType = 1;
			remoteGlobalIDString = 867EBD632C3A1E29004C4DDD;
			remoteInfo = DSKY;
		};
/* End PBXContainerItemProxy section */

/* Begin PBXFileReference section */
		862D71052E666F19001E0EAA /* ApoDisKey.icon */ = {isa = PBXFileReference; lastKnownFileType = folder.iconcomposer.icon; path = ApoDisKey.icon; sourceTree = "<group>"; };
		867EBD642C3A1E29004C4DDD /* ApoDisKey.app */ = {isa = PBXFileReference; explicitFileType = wrapper.application; includeInIndex = 0; path = ApoDisKey.app; sourceTree = BUILT_PRODUCTS_DIR; };
		867EBD752C3A1E2A004C4DDD /* ApoDisKeyTests.xctest */ = {isa = PBXFileReference; explicitFileType = wrapper.cfbundle; includeInIndex = 0; path = ApoDisKeyTests.xctest; sourceTree = BUILT_PRODUCTS_DIR; };
		869F39962C3F337E002DD6B7 /* README.md */ = {isa = PBXFileReference; lastKnownFileType = net.daringfireball.markdown; path = README.md; sourceTree = "<group>"; };
/* End PBXFileReference section */

/* Begin PBXFileSystemSynchronizedBuildFileExceptionSet section */
		86ED57D32D8516EA008727D5 /* PBXFileSystemSynchronizedBuildFileExceptionSet */ = {
			isa = PBXFileSystemSynchronizedBuildFileExceptionSet;
			membershipExceptions = (
				DSKYTests.swift,
			);
			target = 867EBD742C3A1E2A004C4DDD /* ApoDisKeyTests */;
		};
		86ED58212D8517B7008727D5 /* PBXFileSystemSynchronizedBuildFileExceptionSet */ = {
			isa = PBXFileSystemSynchronizedBuildFileExceptionSet;
			membershipExceptions = (
				FONTS/Fonts.plist,
				SOURCES/NETWORK/NetworkManager.swift,
			);
			target = 867EBD632C3A1E29004C4DDD /* ApoDisKey */;
		};
		86ED58222D8517B7008727D5 /* PBXFileSystemSynchronizedBuildFileExceptionSet */ = {
			isa = PBXFileSystemSynchronizedBuildFileExceptionSet;
			membershipExceptions = (
				SOURCES/MODEL/DisKeyBits.swift,
				SOURCES/MODEL/DisKeyModel.swift,
				SOURCES/MODEL/Utilities.swift,
				SOURCES/NETWORK/ChannelAction.swift,
			);
			target = 867EBD742C3A1E2A004C4DDD /* ApoDisKeyTests */;
		};
/* End PBXFileSystemSynchronizedBuildFileExceptionSet section */

/* Begin PBXFileSystemSynchronizedRootGroup section */
		86ED57D12D8516EA008727D5 /* DSKYTests */ = {isa = PBXFileSystemSynchronizedRootGroup; exceptions = (86ED57D32D8516EA008727D5 /* PBXFileSystemSynchronizedBuildFileExceptionSet */, ); explicitFileTypes = {}; explicitFolders = (); path = DSKYTests; sourceTree = "<group>"; };
		86ED58052D8517B7008727D5 /* DSKY */ = {isa = PBXFileSystemSynchronizedRootGroup; exceptions = (86ED58212D8517B7008727D5 /* PBXFileSystemSynchronizedBuildFileExceptionSet */, 86ED58222D8517B7008727D5 /* PBXFileSystemSynchronizedBuildFileExceptionSet */, ); explicitFileTypes = {}; explicitFolders = (); path = DSKY; sourceTree = "<group>"; };
/* End PBXFileSystemSynchronizedRootGroup section */

/* Begin PBXFrameworksBuildPhase section */
		867EBD612C3A1E29004C4DDD /* Frameworks */ = {
			isa = PBXFrameworksBuildPhase;
			buildActionMask = 2147483647;
			files = (
				862F89E72EA024DB00AD6F66 /* ApolloNetwork in Frameworks */,
			);
			runOnlyForDeploymentPostprocessing = 0;
		};
		867EBD722C3A1E2A004C4DDD /* Frameworks */ = {
			isa = PBXFrameworksBuildPhase;
			buildActionMask = 2147483647;
			files = (
				862F8A2B2EA029E700AD6F66 /* ApolloNetwork in Frameworks */,
			);
			runOnlyForDeploymentPostprocessing = 0;
		};
/* End PBXFrameworksBuildPhase section */

/* Begin PBXGroup section */
		862F8A292EA029E700AD6F66 /* Frameworks */ = {
			isa = PBXGroup;
			children = (
			);
			name = Frameworks;
			sourceTree = "<group>";
		};
		867EBD5B2C3A1E29004C4DDD = {
			isa = PBXGroup;
			children = (
				862D71052E666F19001E0EAA /* ApoDisKey.icon */,
				869F39962C3F337E002DD6B7 /* README.md */,
				86ED58052D8517B7008727D5 /* DSKY */,
				86ED57D12D8516EA008727D5 /* DSKYTests */,
				862F8A292EA029E700AD6F66 /* Frameworks */,
				867EBD652C3A1E29004C4DDD /* Products */,
			);
			sourceTree = "<group>";
		};
		867EBD652C3A1E29004C4DDD /* Products */ = {
			isa = PBXGroup;
			children = (
				867EBD642C3A1E29004C4DDD /* ApoDisKey.app */,
				867EBD752C3A1E2A004C4DDD /* ApoDisKeyTests.xctest */,
			);
			name = Products;
			sourceTree = "<group>";
		};
/* End PBXGroup section */

/* Begin PBXNativeTarget section */
		867EBD632C3A1E29004C4DDD /* ApoDisKey */ = {
			isa = PBXNativeTarget;
			buildConfigurationList = 867EBD892C3A1E2A004C4DDD /* Build configuration list for PBXNativeTarget "ApoDisKey" */;
			buildPhases = (
				867EBD602C3A1E29004C4DDD /* Sources */,
				867EBD612C3A1E29004C4DDD /* Frameworks */,
				867EBD622C3A1E29004C4DDD /* Resources */,
			);
			buildRules = (
			);
			dependencies = (
			);
			fileSystemSynchronizedGroups = (
				86ED58052D8517B7008727D5 /* DSKY */,
			);
			name = ApoDisKey;
			packageProductDependencies = (
				862F89E62EA024DB00AD6F66 /* ApolloNetwork */,
			);
			productName = DSKY;
			productReference = 867EBD642C3A1E29004C4DDD /* ApoDisKey.app */;
			productType = "com.apple.product-type.application";
		};
		867EBD742C3A1E2A004C4DDD /* ApoDisKeyTests */ = {
			isa = PBXNativeTarget;
			buildConfigurationList = 867EBD8C2C3A1E2A004C4DDD /* Build configuration list for PBXNativeTarget "ApoDisKeyTests" */;
			buildPhases = (
				867EBD712C3A1E2A004C4DDD /* Sources */,
				867EBD722C3A1E2A004C4DDD /* Frameworks */,
				867EBD732C3A1E2A004C4DDD /* Resources */,
			);
			buildRules = (
			);
			dependencies = (
				867EBD772C3A1E2A004C4DDD /* PBXTargetDependency */,
			);
			name = ApoDisKeyTests;
			productName = DSKYTests;
			productReference = 867EBD752C3A1E2A004C4DDD /* ApoDisKeyTests.xctest */;
			productType = "com.apple.product-type.bundle.unit-test";
		};
/* End PBXNativeTarget section */

/* Begin PBXProject section */
		867EBD5C2C3A1E29004C4DDD /* Project object */ = {
			isa = PBXProject;
			attributes = {
				BuildIndependentTargetsInParallel = 1;
				LastSwiftUpdateCheck = 1620;
				LastUpgradeCheck = 2600;
				TargetAttributes = {
					867EBD632C3A1E29004C4DDD = {
						CreatedOnToolsVersion = 15.4;
					};
					867EBD742C3A1E2A004C4DDD = {
						CreatedOnToolsVersion = 15.4;
						TestTargetID = 867EBD632C3A1E29004C4DDD;
					};
				};
			};
			buildConfigurationList = 867EBD5F2C3A1E29004C4DDD /* Build configuration list for PBXProject "ApoDisKey" */;
			compatibilityVersion = "Xcode 14.0";
			developmentRegion = en;
			hasScannedForEncodings = 0;
			knownRegions = (
				en,
				Base,
			);
			mainGroup = 867EBD5B2C3A1E29004C4DDD;
			packageReferences = (
				862F89E52EA024DB00AD6F66 /* XCRemoteSwiftPackageReference "ApolloNetwork" */,
			);
			productRefGroup = 867EBD652C3A1E29004C4DDD /* Products */;
			projectDirPath = "";
			projectRoot = "";
			targets = (
				867EBD632C3A1E29004C4DDD /* ApoDisKey */,
				867EBD742C3A1E2A004C4DDD /* ApoDisKeyTests */,
			);
		};
/* End PBXProject section */

/* Begin PBXResourcesBuildPhase section */
		867EBD622C3A1E29004C4DDD /* Resources */ = {
			isa = PBXResourcesBuildPhase;
			buildActionMask = 2147483647;
			files = (
				862D71062E666F19001E0EAA /* ApoDisKey.icon in Resources */,
			);
			runOnlyForDeploymentPostprocessing = 0;
		};
		867EBD732C3A1E2A004C4DDD /* Resources */ = {
			isa = PBXResourcesBuildPhase;
			buildActionMask = 2147483647;
			files = (
			);
			runOnlyForDeploymentPostprocessing = 0;
		};
/* End PBXResourcesBuildPhase section */

/* Begin PBXSourcesBuildPhase section */
		867EBD602C3A1E29004C4DDD /* Sources */ = {
			isa = PBXSourcesBuildPhase;
			buildActionMask = 2147483647;
			files = (
			);
			runOnlyForDeploymentPostprocessing = 0;
		};
		867EBD712C3A1E2A004C4DDD /* Sources */ = {
			isa = PBXSourcesBuildPhase;
			buildActionMask = 2147483647;
			files = (
			);
			runOnlyForDeploymentPostprocessing = 0;
		};
/* End PBXSourcesBuildPhase section */

/* Begin PBXTargetDependency section */
		867EBD772C3A1E2A004C4DDD /* PBXTargetDependency */ = {
			isa = PBXTargetDependency;
			target = 867EBD632C3A1E29004C4DDD /* ApoDisKey */;
			targetProxy = 867EBD762C3A1E2A004C4DDD /* PBXContainerItemProxy */;
		};
/* End PBXTargetDependency section */

/* Begin XCBuildConfiguration section */
		867EBD872C3A1E2A004C4DDD /* Debug */ = {
			isa = XCBuildConfiguration;
			buildSettings = {
				ALWAYS_SEARCH_USER_PATHS = NO;
				ASSETCATALOG_COMPILER_GENERATE_SWIFT_ASSET_SYMBOL_EXTENSIONS = YES;
				CLANG_ANALYZER_NONNULL = YES;
				CLANG_WARN_RANGE_LOOP_ANALYSIS = YES;
				CLANG_WARN_SUSPICIOUS_MOVE = YES;
				CURRENT_PROJECT_VERSION = CT155;
				DEBUG_INFORMATION_FORMAT = dwarf;
				DEVELOPMENT_TEAM = CXE9ZR7J3U;
				ENABLE_TESTABILITY = YES;
				GCC_OPTIMIZATION_LEVEL = 0;
				GCC_PREPROCESSOR_DEFINITIONS = (
					"DEBUG=1",
					"$(inherited)",
				);
				INFOPLIST_FILE = DSKY/FONTS/Fonts.plist;
				IPHONEOS_DEPLOYMENT_TARGET = 17.6;
				MACOSX_DEPLOYMENT_TARGET = 14.6;
				MARKETING_VERSION = 0.9.9;
				ONLY_ACTIVE_ARCH = YES;
				PRODUCT_BUNDLE_IDENTIFIER = com.ramsaycons.ApoDisKey;
				PRODUCT_NAME = ApoDisKey;
				SWIFT_ACTIVE_COMPILATION_CONDITIONS = "DEBUG $(inherited)";
				SWIFT_COMPILATION_MODE = wholemodule;
				SWIFT_DEFAULT_ACTOR_ISOLATION = MainActor;
				SWIFT_INCLUDE_PATHS = "";
				SWIFT_OPTIMIZATION_LEVEL = "-Onone";
				SWIFT_VERSION = 6.0;
				TVOS_DEPLOYMENT_TARGET = 16.6;
				WATCHOS_DEPLOYMENT_TARGET = 10.6;
				XROS_DEPLOYMENT_TARGET = 2.0;
			};
			name = Debug;
		};
		867EBD882C3A1E2A004C4DDD /* Release */ = {
			isa = XCBuildConfiguration;
			buildSettings = {
				ALWAYS_SEARCH_USER_PATHS = NO;
				ASSETCATALOG_COMPILER_GENERATE_SWIFT_ASSET_SYMBOL_EXTENSIONS = YES;
				CLANG_ANALYZER_NONNULL = YES;
				CLANG_WARN_RANGE_LOOP_ANALYSIS = YES;
				CLANG_WARN_SUSPICIOUS_MOVE = YES;
				CURRENT_PROJECT_VERSION = CT155;
				DEBUG_INFORMATION_FORMAT = "dwarf-with-dsym";
				DEVELOPMENT_TEAM = CXE9ZR7J3U;
				INFOPLIST_FILE = DSKY/FONTS/Fonts.plist;
				IPHONEOS_DEPLOYMENT_TARGET = 17.6;
				MACOSX_DEPLOYMENT_TARGET = 14.6;
				MARKETING_VERSION = 0.9.9;
				ONLY_ACTIVE_ARCH = YES;
				PRODUCT_BUNDLE_IDENTIFIER = com.ramsaycons.ApoDisKey;
				PRODUCT_NAME = ApoDisKey;
				SWIFT_COMPILATION_MODE = wholemodule;
				SWIFT_DEFAULT_ACTOR_ISOLATION = MainActor;
				SWIFT_INCLUDE_PATHS = "";
				SWIFT_VERSION = 6.0;
				TVOS_DEPLOYMENT_TARGET = 16.6;
				WATCHOS_DEPLOYMENT_TARGET = 10.6;
				XROS_DEPLOYMENT_TARGET = 2.0;
			};
			name = Release;
		};
		867EBD8A2C3A1E2A004C4DDD /* Debug */ = {
			isa = XCBuildConfiguration;
			buildSettings = {
				ASSETCATALOG_COMPILER_APPICON_NAME = AppIcon;
				ASSETCATALOG_COMPILER_INCLUDE_ALL_APPICON_ASSETS = NO;
				CODE_SIGN_ENTITLEMENTS = DSKY/DSKY.entitlements;
				CODE_SIGN_STYLE = Automatic;
				DEAD_CODE_STRIPPING = YES;
				ENABLE_APP_SANDBOX = YES;
				ENABLE_HARDENED_RUNTIME = YES;
				ENABLE_OUTGOING_NETWORK_CONNECTIONS = YES;
				ENABLE_PREVIEWS = YES;
				GENERATE_INFOPLIST_FILE = YES;
				INFOPLIST_KEY_CFBundleDisplayName = ApoDisKey;
				INFOPLIST_KEY_LSApplicationCategoryType = "public.app-category.education";
				"INFOPLIST_KEY_UIApplicationSceneManifest_Generation[sdk=iphoneos*]" = YES;
				"INFOPLIST_KEY_UIApplicationSceneManifest_Generation[sdk=iphonesimulator*]" = YES;
				"INFOPLIST_KEY_UIApplicationSupportsIndirectInputEvents[sdk=iphoneos*]" = YES;
				"INFOPLIST_KEY_UIApplicationSupportsIndirectInputEvents[sdk=iphonesimulator*]" = YES;
				"INFOPLIST_KEY_UILaunchScreen_Generation[sdk=iphoneos*]" = YES;
				"INFOPLIST_KEY_UILaunchScreen_Generation[sdk=iphonesimulator*]" = YES;
				"INFOPLIST_KEY_UIStatusBarStyle[sdk=iphoneos*]" = UIStatusBarStyleDefault;
				"INFOPLIST_KEY_UIStatusBarStyle[sdk=iphonesimulator*]" = UIStatusBarStyleDefault;
				INFOPLIST_KEY_UISupportedInterfaceOrientations_iPad = "UIInterfaceOrientationPortrait UIInterfaceOrientationPortraitUpsideDown UIInterfaceOrientationLandscapeLeft UIInterfaceOrientationLandscapeRight";
				INFOPLIST_KEY_UISupportedInterfaceOrientations_iPhone = "UIInterfaceOrientationPortrait UIInterfaceOrientationLandscapeLeft UIInterfaceOrientationLandscapeRight";
				LD_RUNPATH_SEARCH_PATHS = "@executable_path/Frameworks";
				"LD_RUNPATH_SEARCH_PATHS[sdk=macosx*]" = "@executable_path/../Frameworks";
				PRODUCT_BUNDLE_IDENTIFIER = com.ramsaycons.ApoDisKey;
				SDKROOT = auto;
				SUPPORTED_PLATFORMS = "iphoneos iphonesimulator macosx";
				SWIFT_EMIT_LOC_STRINGS = YES;
				TARGETED_DEVICE_FAMILY = "1,2,3,4,7";
			};
			name = Debug;
		};
		867EBD8B2C3A1E2A004C4DDD /* Release */ = {
			isa = XCBuildConfiguration;
			buildSettings = {
				ASSETCATALOG_COMPILER_APPICON_NAME = AppIcon;
				ASSETCATALOG_COMPILER_INCLUDE_ALL_APPICON_ASSETS = NO;
				CODE_SIGN_ENTITLEMENTS = DSKY/DSKY.entitlements;
				CODE_SIGN_STYLE = Automatic;
				DEAD_CODE_STRIPPING = YES;
				ENABLE_APP_SANDBOX = YES;
				ENABLE_HARDENED_RUNTIME = YES;
				ENABLE_OUTGOING_NETWORK_CONNECTIONS = YES;
				ENABLE_PREVIEWS = YES;
				GENERATE_INFOPLIST_FILE = YES;
				INFOPLIST_KEY_CFBundleDisplayName = ApoDisKey;
				INFOPLIST_KEY_LSApplicationCategoryType = "public.app-category.education";
				"INFOPLIST_KEY_UIApplicationSceneManifest_Generation[sdk=iphoneos*]" = YES;
				"INFOPLIST_KEY_UIApplicationSceneManifest_Generation[sdk=iphonesimulator*]" = YES;
				"INFOPLIST_KEY_UIApplicationSupportsIndirectInputEvents[sdk=iphoneos*]" = YES;
				"INFOPLIST_KEY_UIApplicationSupportsIndirectInputEvents[sdk=iphonesimulator*]" = YES;
				"INFOPLIST_KEY_UILaunchScreen_Generation[sdk=iphoneos*]" = YES;
				"INFOPLIST_KEY_UILaunchScreen_Generation[sdk=iphonesimulator*]" = YES;
				"INFOPLIST_KEY_UIStatusBarStyle[sdk=iphoneos*]" = UIStatusBarStyleDefault;
				"INFOPLIST_KEY_UIStatusBarStyle[sdk=iphonesimulator*]" = UIStatusBarStyleDefault;
				INFOPLIST_KEY_UISupportedInterfaceOrientations_iPad = "UIInterfaceOrientationPortrait UIInterfaceOrientationPortraitUpsideDown UIInterfaceOrientationLandscapeLeft UIInterfaceOrientationLandscapeRight";
				INFOPLIST_KEY_UISupportedInterfaceOrientations_iPhone = "UIInterfaceOrientationPortrait UIInterfaceOrientationLandscapeLeft UIInterfaceOrientationLandscapeRight";
				LD_RUNPATH_SEARCH_PATHS = "@executable_path/Frameworks";
				"LD_RUNPATH_SEARCH_PATHS[sdk=macosx*]" = "@executable_path/../Frameworks";
				PRODUCT_BUNDLE_IDENTIFIER = com.ramsaycons.ApoDisKey;
				SDKROOT = auto;
				SUPPORTED_PLATFORMS = "iphoneos iphonesimulator macosx";
				SWIFT_EMIT_LOC_STRINGS = YES;
				TARGETED_DEVICE_FAMILY = "1,2,3,4,7";
			};
			name = Release;
		};
		867EBD8D2C3A1E2A004C4DDD /* Debug */ = {
			isa = XCBuildConfiguration;
			buildSettings = {
				BUNDLE_LOADER = "$(TEST_HOST)";
				CLANG_ENABLE_OBJC_WEAK = YES;
				CODE_SIGN_STYLE = Automatic;
				DEAD_CODE_STRIPPING = YES;
				GENERATE_INFOPLIST_FILE = YES;
				IPHONEOS_DEPLOYMENT_TARGET = 17.6;
				MACOSX_DEPLOYMENT_TARGET = 14.6;
				PRODUCT_BUNDLE_IDENTIFIER = com.ramsaycons.DSKYTests;
				PRODUCT_NAME = "$(TARGET_NAME)";
				SDKROOT = auto;
				SUPPORTED_PLATFORMS = "iphoneos iphonesimulator macosx";
				SWIFT_EMIT_LOC_STRINGS = NO;
				TARGETED_DEVICE_FAMILY = "1,2";
			};
			name = Debug;
		};
		867EBD8E2C3A1E2A004C4DDD /* Release */ = {
			isa = XCBuildConfiguration;
			buildSettings = {
				BUNDLE_LOADER = "$(TEST_HOST)";
				CLANG_ENABLE_OBJC_WEAK = YES;
				CODE_SIGN_STYLE = Automatic;
				DEAD_CODE_STRIPPING = YES;
				GENERATE_INFOPLIST_FILE = YES;
				IPHONEOS_DEPLOYMENT_TARGET = 17.6;
				MACOSX_DEPLOYMENT_TARGET = 14.6;
				PRODUCT_BUNDLE_IDENTIFIER = com.ramsaycons.DSKYTests;
				PRODUCT_NAME = "$(TARGET_NAME)";
				SDKROOT = auto;
				SUPPORTED_PLATFORMS = "iphoneos iphonesimulator macosx";
				SWIFT_EMIT_LOC_STRINGS = NO;
				TARGETED_DEVICE_FAMILY = "1,2";
			};
			name = Release;
		};
/* End XCBuildConfiguration section */

/* Begin XCConfigurationList section */
		867EBD5F2C3A1E29004C4DDD /* Build configuration list for PBXProject "ApoDisKey" */ = {
			isa = XCConfigurationList;
			buildConfigurations = (
				867EBD872C3A1E2A004C4DDD /* Debug */,
				867EBD882C3A1E2A004C4DDD /* Release */,
			);
			defaultConfigurationIsVisible = 0;
			defaultConfigurationName = Release;
		};
		867EBD892C3A1E2A004C4DDD /* Build configuration list for PBXNativeTarget "ApoDisKey" */ = {
			isa = XCConfigurationList;
			buildConfigurations = (
				867EBD8A2C3A1E2A004C4DDD /* Debug */,
				867EBD8B2C3A1E2A004C4DDD /* Release */,
			);
			defaultConfigurationIsVisible = 0;
			defaultConfigurationName = Release;
		};
		867EBD8C2C3A1E2A004C4DDD /* Build configuration list for PBXNativeTarget "ApoDisKeyTests" */ = {
			isa = XCConfigurationList;
			buildConfigurations = (
				867EBD8D2C3A1E2A004C4DDD /* Debug */,
				867EBD8E2C3A1E2A004C4DDD /* Release */,
			);
			defaultConfigurationIsVisible = 0;
			defaultConfigurationName = Release;
		};
/* End XCConfigurationList section */

/* Begin XCRemoteSwiftPackageReference section */
		862F89E52EA024DB00AD6F66 /* XCRemoteSwiftPackageReference "ApolloNetwork" */ = {
			isa = XCRemoteSwiftPackageReference;
			repositoryURL = "https://github.com/gavineadie/ApolloNetwork";
			requirement = {
				kind = upToNextMajorVersion;
				minimumVersion = 0.1.0;
			};
		};
/* End XCRemoteSwiftPackageReference section */

/* Begin XCSwiftPackageProductDependency section */
		862F89E62EA024DB00AD6F66 /* ApolloNetwork */ = {
			isa = XCSwiftPackageProductDependency;
			package = 862F89E52EA024DB00AD6F66 /* XCRemoteSwiftPackageReference "ApolloNetwork" */;
			productName = ApolloNetwork;
		};
		862F8A2A2EA029E700AD6F66 /* ApolloNetwork */ = {
			isa = XCSwiftPackageProductDependency;
			package = 862F89E52EA024DB00AD6F66 /* XCRemoteSwiftPackageReference "ApolloNetwork" */;
			productName = ApolloNetwork;
		};
/* End XCSwiftPackageProductDependency section */
	};
	rootObject = 867EBD5C2C3A1E29004C4DDD /* Project object */;
}
