// !$*UTF8*$!
{
	archiveVersion = 1;
	classes = {
	};
	objectVersion = 56;
	objects = {

/* Begin PBXBuildFile section */
		8616AC652DCBC78A0097C378 /* KeyPadView.swift in Sources */ = {isa = PBXBuildFile; fileRef = 8616AC622DCBC78A0097C378 /* KeyPadView.swift */; };
		8616AC662DCBC78A0097C378 /* DecorView.swift in Sources */ = {isa = PBXBuildFile; fileRef = 8616AC5E2DCBC78A0097C378 /* DecorView.swift */; };
		8616AC672DCBC78A0097C378 /* DisKeyApp.swift in Sources */ = {isa = PBXBuildFile; fileRef = 8616AC5F2DCBC78A0097C378 /* DisKeyApp.swift */; };
		8616AC682DCBC78A0097C378 /* DisKeyView.swift in Sources */ = {isa = PBXBuildFile; fileRef = 8616AC602DCBC78A0097C378 /* DisKeyView.swift */; };
		8616AC692DCBC78A0097C378 /* DisplayView.swift in Sources */ = {isa = PBXBuildFile; fileRef = 8616AC612DCBC78A0097C378 /* DisplayView.swift */; };
		8616AC6A2DCBC78A0097C378 /* StatusView.swift in Sources */ = {isa = PBXBuildFile; fileRef = 8616AC632DCBC78A0097C378 /* StatusView.swift */; };
		861754F92C471ABB0080D82B /* Network.swift in Sources */ = {isa = PBXBuildFile; fileRef = 86CB9B5D2C45F94400968C20 /* Network.swift */; };
		8623E1122C6B1129003B934F /* dsky.aiff in Resources */ = {isa = PBXBuildFile; fileRef = 8623E1112C6B1129003B934F /* dsky.aiff */; };
		862A1D272C48230500AD4352 /* PacketSend.swift in Sources */ = {isa = PBXBuildFile; fileRef = 86ECA4DE2C47602F0025545C /* PacketSend.swift */; };
		862A1D282C48230500AD4352 /* PacketRecv.swift in Sources */ = {isa = PBXBuildFile; fileRef = 86ECA4E02C4760400025545C /* PacketRecv.swift */; };
		864906BE2C4C3E0E00BD22DA /* DisKeyModel.swift in Sources */ = {isa = PBXBuildFile; fileRef = 86A055062C405BB3007996B7 /* DisKeyModel.swift */; };
		864BD6192C3BD69700D4C896 /* Gorton-Condensed.otf in Resources */ = {isa = PBXBuildFile; fileRef = 864BD6162C3BD69700D4C896 /* Gorton-Condensed.otf */; };
		864BD61A2C3BD69700D4C896 /* Gorton-Normal-120.otf in Resources */ = {isa = PBXBuildFile; fileRef = 864BD6172C3BD69700D4C896 /* Gorton-Normal-120.otf */; };
		864BD61B2C3BD69700D4C896 /* Gorton-Normal-180.otf in Resources */ = {isa = PBXBuildFile; fileRef = 864BD6182C3BD69700D4C896 /* Gorton-Normal-180.otf */; };
		867EBD7A2C3A1E2A004C4DDD /* DSKYTests.swift in Sources */ = {isa = PBXBuildFile; fileRef = 867EBD792C3A1E2A004C4DDD /* DSKYTests.swift */; };
		867EBD932C3A5348004C4DDD /* Debug.xcassets in Resources */ = {isa = PBXBuildFile; fileRef = 867EBD922C3A5348004C4DDD /* Debug.xcassets */; };
		868B2B702CD0CAD200A70648 /* FileStuff.swift in Sources */ = {isa = PBXBuildFile; fileRef = 868B2B6F2CD0CAD200A70648 /* FileStuff.swift */; };
		868B2B712CD0CAD200A70648 /* FileStuff.swift in Sources */ = {isa = PBXBuildFile; fileRef = 868B2B6F2CD0CAD200A70648 /* FileStuff.swift */; };
		86A055072C405BB3007996B7 /* DisKeyModel.swift in Sources */ = {isa = PBXBuildFile; fileRef = 86A055062C405BB3007996B7 /* DisKeyModel.swift */; };
		86B26DB92C4CD3020021E594 /* Extensions.swift in Sources */ = {isa = PBXBuildFile; fileRef = 86B26DB82C4CD3020021E594 /* Extensions.swift */; };
		86B26DBA2C4CD30A0021E594 /* Extensions.swift in Sources */ = {isa = PBXBuildFile; fileRef = 86B26DB82C4CD3020021E594 /* Extensions.swift */; };
		86C198D52DCAD2DA0063770D /* ZerlinaB.otf in Resources */ = {isa = PBXBuildFile; fileRef = 86C198D42DCAD2DA0063770D /* ZerlinaB.otf */; };
		86C4C5C02C4CE79900A4DEA1 /* Assets.xcassets in Resources */ = {isa = PBXBuildFile; fileRef = 86C4C5BF2C4CE79900A4DEA1 /* Assets.xcassets */; };
		86C85A1B2C4F46A1002BE367 /* testLights.canned in Resources */ = {isa = PBXBuildFile; fileRef = 86C85A1A2C4F46A1002BE367 /* testLights.canned */; };
		86CB9B5E2C45F94400968C20 /* Network.swift in Sources */ = {isa = PBXBuildFile; fileRef = 86CB9B5D2C45F94400968C20 /* Network.swift */; };
		86ECA4DF2C47602F0025545C /* PacketSend.swift in Sources */ = {isa = PBXBuildFile; fileRef = 86ECA4DE2C47602F0025545C /* PacketSend.swift */; };
		86ECA4E12C4760400025545C /* PacketRecv.swift in Sources */ = {isa = PBXBuildFile; fileRef = 86ECA4E02C4760400025545C /* PacketRecv.swift */; };
/* End PBXBuildFile section */

/* Begin PBXContainerItemProxy section */
		867EBD762C3A1E2A004C4DDD /* PBXContainerItemProxy */ = {
			isa = PBXContainerItemProxy;
			containerPortal = 867EBD5C2C3A1E29004C4DDD /* Project object */;
			proxyType = 1;
			remoteGlobalIDString = 867EBD632C3A1E29004C4DDD;
			remoteInfo = DSKY;
		};
/* End PBXContainerItemProxy section */

/* Begin PBXFileReference section */
		8616AC5E2DCBC78A0097C378 /* DecorView.swift */ = {isa = PBXFileReference; lastKnownFileType = sourcecode.swift; path = DecorView.swift; sourceTree = "<group>"; };
		8616AC5F2DCBC78A0097C378 /* DisKeyApp.swift */ = {isa = PBXFileReference; lastKnownFileType = sourcecode.swift; path = DisKeyApp.swift; sourceTree = "<group>"; };
		8616AC602DCBC78A0097C378 /* DisKeyView.swift */ = {isa = PBXFileReference; lastKnownFileType = sourcecode.swift; path = DisKeyView.swift; sourceTree = "<group>"; };
		8616AC612DCBC78A0097C378 /* DisplayView.swift */ = {isa = PBXFileReference; lastKnownFileType = sourcecode.swift; path = DisplayView.swift; sourceTree = "<group>"; };
		8616AC622DCBC78A0097C378 /* KeyPadView.swift */ = {isa = PBXFileReference; lastKnownFileType = sourcecode.swift; path = KeyPadView.swift; sourceTree = "<group>"; };
		8616AC632DCBC78A0097C378 /* StatusView.swift */ = {isa = PBXFileReference; lastKnownFileType = sourcecode.swift; path = StatusView.swift; sourceTree = "<group>"; };
		8623E1112C6B1129003B934F /* dsky.aiff */ = {isa = PBXFileReference; lastKnownFileType = audio.aiff; path = dsky.aiff; sourceTree = "<group>"; };
		862A1D292C48236A00AD4352 /* DSKY.xctestplan */ = {isa = PBXFileReference; lastKnownFileType = text; path = DSKY.xctestplan; sourceTree = "<group>"; };
		864906BD2C4C365D00BD22DA /* CHANGES.md */ = {isa = PBXFileReference; lastKnownFileType = net.daringfireball.markdown; path = CHANGES.md; sourceTree = "<group>"; };
		864BD6142C3B771A00D4C896 /* Fonts.plist */ = {isa = PBXFileReference; lastKnownFileType = text.plist.xml; path = Fonts.plist; sourceTree = "<group>"; };
		864BD6162C3BD69700D4C896 /* Gorton-Condensed.otf */ = {isa = PBXFileReference; lastKnownFileType = file; path = "Gorton-Condensed.otf"; sourceTree = "<group>"; };
		864BD6172C3BD69700D4C896 /* Gorton-Normal-120.otf */ = {isa = PBXFileReference; lastKnownFileType = file; path = "Gorton-Normal-120.otf"; sourceTree = "<group>"; };
		864BD6182C3BD69700D4C896 /* Gorton-Normal-180.otf */ = {isa = PBXFileReference; lastKnownFileType = file; path = "Gorton-Normal-180.otf"; sourceTree = "<group>"; };
		867EBD642C3A1E29004C4DDD /* ApoDisKey.app */ = {isa = PBXFileReference; explicitFileType = wrapper.application; includeInIndex = 0; path = ApoDisKey.app; sourceTree = BUILT_PRODUCTS_DIR; };
		867EBD6D2C3A1E2A004C4DDD /* DSKY.entitlements */ = {isa = PBXFileReference; lastKnownFileType = text.plist.entitlements; path = DSKY.entitlements; sourceTree = "<group>"; };
		867EBD752C3A1E2A004C4DDD /* ApoDisKeyTests.xctest */ = {isa = PBXFileReference; explicitFileType = wrapper.cfbundle; includeInIndex = 0; path = ApoDisKeyTests.xctest; sourceTree = BUILT_PRODUCTS_DIR; };
		867EBD792C3A1E2A004C4DDD /* DSKYTests.swift */ = {isa = PBXFileReference; lastKnownFileType = sourcecode.swift; path = DSKYTests.swift; sourceTree = "<group>"; };
		867EBD922C3A5348004C4DDD /* Debug.xcassets */ = {isa = PBXFileReference; lastKnownFileType = folder.assetcatalog; path = Debug.xcassets; sourceTree = "<group>"; };
		868B2B6F2CD0CAD200A70648 /* FileStuff.swift */ = {isa = PBXFileReference; lastKnownFileType = sourcecode.swift; path = FileStuff.swift; sourceTree = "<group>"; };
		869F39962C3F337E002DD6B7 /* README.md */ = {isa = PBXFileReference; lastKnownFileType = net.daringfireball.markdown; path = README.md; sourceTree = "<group>"; };
		86A055062C405BB3007996B7 /* DisKeyModel.swift */ = {isa = PBXFileReference; lastKnownFileType = sourcecode.swift; path = DisKeyModel.swift; sourceTree = "<group>"; };
		86B26DB82C4CD3020021E594 /* Extensions.swift */ = {isa = PBXFileReference; lastKnownFileType = sourcecode.swift; path = Extensions.swift; sourceTree = "<group>"; };
		86C198D42DCAD2DA0063770D /* ZerlinaB.otf */ = {isa = PBXFileReference; lastKnownFileType = file; path = ZerlinaB.otf; sourceTree = "<group>"; };
		86C4C5BF2C4CE79900A4DEA1 /* Assets.xcassets */ = {isa = PBXFileReference; lastKnownFileType = folder.assetcatalog; path = Assets.xcassets; sourceTree = "<group>"; };
		86C85A1A2C4F46A1002BE367 /* testLights.canned */ = {isa = PBXFileReference; fileEncoding = 4; lastKnownFileType = text; path = testLights.canned; sourceTree = "<group>"; };
		86CB9B5D2C45F94400968C20 /* Network.swift */ = {isa = PBXFileReference; lastKnownFileType = sourcecode.swift; path = Network.swift; sourceTree = "<group>"; };
		86ECA4DE2C47602F0025545C /* PacketSend.swift */ = {isa = PBXFileReference; lastKnownFileType = sourcecode.swift; path = PacketSend.swift; sourceTree = "<group>"; };
		86ECA4E02C4760400025545C /* PacketRecv.swift */ = {isa = PBXFileReference; lastKnownFileType = sourcecode.swift; path = PacketRecv.swift; sourceTree = "<group>"; };
/* End PBXFileReference section */

/* Begin PBXFrameworksBuildPhase section */
		867EBD612C3A1E29004C4DDD /* Frameworks */ = {
			isa = PBXFrameworksBuildPhase;
			buildActionMask = 2147483647;
			files = (
			);
			runOnlyForDeploymentPostprocessing = 0;
		};
		867EBD722C3A1E2A004C4DDD /* Frameworks */ = {
			isa = PBXFrameworksBuildPhase;
			buildActionMask = 2147483647;
			files = (
			);
			runOnlyForDeploymentPostprocessing = 0;
		};
/* End PBXFrameworksBuildPhase section */

/* Begin PBXGroup section */
		8616AC642DCBC78A0097C378 /* SOURCES */ = {
			isa = PBXGroup;
			children = (
				8616AC5E2DCBC78A0097C378 /* DecorView.swift */,
				8616AC5F2DCBC78A0097C378 /* DisKeyApp.swift */,
				8616AC602DCBC78A0097C378 /* DisKeyView.swift */,
				8616AC612DCBC78A0097C378 /* DisplayView.swift */,
				8616AC622DCBC78A0097C378 /* KeyPadView.swift */,
				8616AC632DCBC78A0097C378 /* StatusView.swift */,
			);
			path = SOURCES;
			sourceTree = "<group>";
		};
		864143C22C4AD27300EEC7EB /* FONTS */ = {
			isa = PBXGroup;
			children = (
				864BD6142C3B771A00D4C896 /* Fonts.plist */,
				86C198D42DCAD2DA0063770D /* ZerlinaB.otf */,
				864BD6162C3BD69700D4C896 /* Gorton-Condensed.otf */,
				864BD6172C3BD69700D4C896 /* Gorton-Normal-120.otf */,
				864BD6182C3BD69700D4C896 /* Gorton-Normal-180.otf */,
			);
			path = FONTS;
			sourceTree = "<group>";
		};
		864143C52C4AE79800EEC7EB /* RESOURCES */ = {
			isa = PBXGroup;
			children = (
				86C85A1A2C4F46A1002BE367 /* testLights.canned */,
				8623E1112C6B1129003B934F /* dsky.aiff */,
			);
			path = RESOURCES;
			sourceTree = "<group>";
		};
		867D86222C489F43007CDD48 /* MODEL */ = {
			isa = PBXGroup;
			children = (
				86A055062C405BB3007996B7 /* DisKeyModel.swift */,
				86B26DB82C4CD3020021E594 /* Extensions.swift */,
				868B2B6F2CD0CAD200A70648 /* FileStuff.swift */,
			);
			path = MODEL;
			sourceTree = "<group>";
		};
		867EBD5B2C3A1E29004C4DDD = {
			isa = PBXGroup;
			children = (
				869F39962C3F337E002DD6B7 /* README.md */,
				864906BD2C4C365D00BD22DA /* CHANGES.md */,
				867EBD662C3A1E29004C4DDD /* DSKY */,
				867EBD782C3A1E2A004C4DDD /* DSKYTests */,
				867EBD652C3A1E29004C4DDD /* Products */,
			);
			sourceTree = "<group>";
		};
		867EBD652C3A1E29004C4DDD /* Products */ = {
			isa = PBXGroup;
			children = (
				867EBD642C3A1E29004C4DDD /* ApoDisKey.app */,
				867EBD752C3A1E2A004C4DDD /* ApoDisKeyTests.xctest */,
			);
			name = Products;
			sourceTree = "<group>";
		};
		867EBD662C3A1E29004C4DDD /* DSKY */ = {
			isa = PBXGroup;
			children = (
				8616AC642DCBC78A0097C378 /* SOURCES */,
				867D86222C489F43007CDD48 /* MODEL */,
				86ECA4E42C4763E70025545C /* NETWORK */,
				867EBD922C3A5348004C4DDD /* Debug.xcassets */,
				86C4C5BF2C4CE79900A4DEA1 /* Assets.xcassets */,
				864143C52C4AE79800EEC7EB /* RESOURCES */,
				864143C22C4AD27300EEC7EB /* FONTS */,
				867EBD6D2C3A1E2A004C4DDD /* DSKY.entitlements */,
			);
			path = DSKY;
			sourceTree = "<group>";
		};
		867EBD782C3A1E2A004C4DDD /* DSKYTests */ = {
			isa = PBXGroup;
			children = (
				867EBD792C3A1E2A004C4DDD /* DSKYTests.swift */,
				862A1D292C48236A00AD4352 /* DSKY.xctestplan */,
			);
			path = DSKYTests;
			sourceTree = "<group>";
		};
		86ECA4E42C4763E70025545C /* NETWORK */ = {
			isa = PBXGroup;
			children = (
				86CB9B5D2C45F94400968C20 /* Network.swift */,
				86ECA4E02C4760400025545C /* PacketRecv.swift */,
				86ECA4DE2C47602F0025545C /* PacketSend.swift */,
			);
			path = NETWORK;
			sourceTree = "<group>";
		};
/* End PBXGroup section */

/* Begin PBXNativeTarget section */
		867EBD632C3A1E29004C4DDD /* ApoDisKey */ = {
			isa = PBXNativeTarget;
			buildConfigurationList = 867EBD892C3A1E2A004C4DDD /* Build configuration list for PBXNativeTarget "ApoDisKey" */;
			buildPhases = (
				867EBD602C3A1E29004C4DDD /* Sources */,
				867EBD612C3A1E29004C4DDD /* Frameworks */,
				867EBD622C3A1E29004C4DDD /* Resources */,
			);
			buildRules = (
			);
			dependencies = (
			);
			name = ApoDisKey;
			packageProductDependencies = (
			);
			productName = DSKY;
			productReference = 867EBD642C3A1E29004C4DDD /* ApoDisKey.app */;
			productType = "com.apple.product-type.application";
		};
		867EBD742C3A1E2A004C4DDD /* ApoDisKeyTests */ = {
			isa = PBXNativeTarget;
			buildConfigurationList = 867EBD8C2C3A1E2A004C4DDD /* Build configuration list for PBXNativeTarget "ApoDisKeyTests" */;
			buildPhases = (
				867EBD712C3A1E2A004C4DDD /* Sources */,
				867EBD722C3A1E2A004C4DDD /* Frameworks */,
				867EBD732C3A1E2A004C4DDD /* Resources */,
			);
			buildRules = (
			);
			dependencies = (
				867EBD772C3A1E2A004C4DDD /* PBXTargetDependency */,
			);
			name = ApoDisKeyTests;
			productName = DSKYTests;
			productReference = 867EBD752C3A1E2A004C4DDD /* ApoDisKeyTests.xctest */;
			productType = "com.apple.product-type.bundle.unit-test";
		};
/* End PBXNativeTarget section */

/* Begin PBXProject section */
		867EBD5C2C3A1E29004C4DDD /* Project object */ = {
			isa = PBXProject;
			attributes = {
				BuildIndependentTargetsInParallel = 1;
				LastSwiftUpdateCheck = 1540;
				LastUpgradeCheck = 1600;
				TargetAttributes = {
					867EBD632C3A1E29004C4DDD = {
						CreatedOnToolsVersion = 15.4;
					};
					867EBD742C3A1E2A004C4DDD = {
						CreatedOnToolsVersion = 15.4;
						TestTargetID = 867EBD632C3A1E29004C4DDD;
					};
				};
			};
			buildConfigurationList = 867EBD5F2C3A1E29004C4DDD /* Build configuration list for PBXProject "ApoDisKey" */;
			compatibilityVersion = "Xcode 14.0";
			developmentRegion = en;
			hasScannedForEncodings = 0;
			knownRegions = (
				en,
				Base,
			);
			mainGroup = 867EBD5B2C3A1E29004C4DDD;
			packageReferences = (
			);
			productRefGroup = 867EBD652C3A1E29004C4DDD /* Products */;
			projectDirPath = "";
			projectRoot = "";
			targets = (
				867EBD632C3A1E29004C4DDD /* ApoDisKey */,
				867EBD742C3A1E2A004C4DDD /* ApoDisKeyTests */,
			);
		};
/* End PBXProject section */

/* Begin PBXResourcesBuildPhase section */
		867EBD622C3A1E29004C4DDD /* Resources */ = {
			isa = PBXResourcesBuildPhase;
			buildActionMask = 2147483647;
			files = (
				864BD6192C3BD69700D4C896 /* Gorton-Condensed.otf in Resources */,
				86C198D52DCAD2DA0063770D /* ZerlinaB.otf in Resources */,
				867EBD932C3A5348004C4DDD /* Debug.xcassets in Resources */,
				86C85A1B2C4F46A1002BE367 /* testLights.canned in Resources */,
				8623E1122C6B1129003B934F /* dsky.aiff in Resources */,
				864BD61A2C3BD69700D4C896 /* Gorton-Normal-120.otf in Resources */,
				86C4C5C02C4CE79900A4DEA1 /* Assets.xcassets in Resources */,
				864BD61B2C3BD69700D4C896 /* Gorton-Normal-180.otf in Resources */,
			);
			runOnlyForDeploymentPostprocessing = 0;
		};
		867EBD732C3A1E2A004C4DDD /* Resources */ = {
			isa = PBXResourcesBuildPhase;
			buildActionMask = 2147483647;
			files = (
			);
			runOnlyForDeploymentPostprocessing = 0;
		};
/* End PBXResourcesBuildPhase section */

/* Begin PBXSourcesBuildPhase section */
		867EBD602C3A1E29004C4DDD /* Sources */ = {
			isa = PBXSourcesBuildPhase;
			buildActionMask = 2147483647;
			files = (
				8616AC652DCBC78A0097C378 /* KeyPadView.swift in Sources */,
				8616AC662DCBC78A0097C378 /* DecorView.swift in Sources */,
				8616AC672DCBC78A0097C378 /* DisKeyApp.swift in Sources */,
				8616AC682DCBC78A0097C378 /* DisKeyView.swift in Sources */,
				8616AC692DCBC78A0097C378 /* DisplayView.swift in Sources */,
				8616AC6A2DCBC78A0097C378 /* StatusView.swift in Sources */,
				86A055072C405BB3007996B7 /* DisKeyModel.swift in Sources */,
				86ECA4DF2C47602F0025545C /* PacketSend.swift in Sources */,
				86ECA4E12C4760400025545C /* PacketRecv.swift in Sources */,
				868B2B712CD0CAD200A70648 /* FileStuff.swift in Sources */,
				86B26DB92C4CD3020021E594 /* Extensions.swift in Sources */,
				86CB9B5E2C45F94400968C20 /* Network.swift in Sources */,
			);
			runOnlyForDeploymentPostprocessing = 0;
		};
		867EBD712C3A1E2A004C4DDD /* Sources */ = {
			isa = PBXSourcesBuildPhase;
			buildActionMask = 2147483647;
			files = (
				861754F92C471ABB0080D82B /* Network.swift in Sources */,
				864906BE2C4C3E0E00BD22DA /* DisKeyModel.swift in Sources */,
				867EBD7A2C3A1E2A004C4DDD /* DSKYTests.swift in Sources */,
				862A1D272C48230500AD4352 /* PacketSend.swift in Sources */,
				862A1D282C48230500AD4352 /* PacketRecv.swift in Sources */,
				86B26DBA2C4CD30A0021E594 /* Extensions.swift in Sources */,
				868B2B702CD0CAD200A70648 /* FileStuff.swift in Sources */,
			);
			runOnlyForDeploymentPostprocessing = 0;
		};
/* End PBXSourcesBuildPhase section */

/* Begin PBXTargetDependency section */
		867EBD772C3A1E2A004C4DDD /* PBXTargetDependency */ = {
			isa = PBXTargetDependency;
			target = 867EBD632C3A1E29004C4DDD /* ApoDisKey */;
			targetProxy = 867EBD762C3A1E2A004C4DDD /* PBXContainerItemProxy */;
		};
/* End PBXTargetDependency section */

/* Begin XCBuildConfiguration section */
		867EBD872C3A1E2A004C4DDD /* Debug */ = {
			isa = XCBuildConfiguration;
			buildSettings = {
				ALWAYS_SEARCH_USER_PATHS = NO;
				ASSETCATALOG_COMPILER_GENERATE_SWIFT_ASSET_SYMBOL_EXTENSIONS = YES;
				CLANG_ANALYZER_NONNULL = YES;
				CLANG_ANALYZER_NUMBER_OBJECT_CONVERSION = YES_AGGRESSIVE;
				CLANG_ENABLE_MODULES = YES;
				CLANG_ENABLE_OBJC_ARC = YES;
				CLANG_ENABLE_OBJC_WEAK = YES;
				CLANG_WARN_BLOCK_CAPTURE_AUTORELEASING = YES;
				CLANG_WARN_BOOL_CONVERSION = YES;
				CLANG_WARN_COMMA = YES;
				CLANG_WARN_CONSTANT_CONVERSION = YES;
				CLANG_WARN_DEPRECATED_OBJC_IMPLEMENTATIONS = YES;
				CLANG_WARN_DIRECT_OBJC_ISA_USAGE = YES_ERROR;
				CLANG_WARN_DOCUMENTATION_COMMENTS = YES;
				CLANG_WARN_EMPTY_BODY = YES;
				CLANG_WARN_ENUM_CONVERSION = YES;
				CLANG_WARN_INFINITE_RECURSION = YES;
				CLANG_WARN_INT_CONVERSION = YES;
				CLANG_WARN_NON_LITERAL_NULL_CONVERSION = YES;
				CLANG_WARN_OBJC_IMPLICIT_RETAIN_SELF = YES;
				CLANG_WARN_OBJC_LITERAL_CONVERSION = YES;
				CLANG_WARN_OBJC_ROOT_CLASS = YES_ERROR;
				CLANG_WARN_QUOTED_INCLUDE_IN_FRAMEWORK_HEADER = YES;
				CLANG_WARN_RANGE_LOOP_ANALYSIS = YES;
				CLANG_WARN_STRICT_PROTOTYPES = YES;
				CLANG_WARN_SUSPICIOUS_MOVE = YES;
				CLANG_WARN_UNGUARDED_AVAILABILITY = YES_AGGRESSIVE;
				CLANG_WARN_UNREACHABLE_CODE = YES;
				CLANG_WARN__DUPLICATE_METHOD_MATCH = YES;
				COPY_PHASE_STRIP = NO;
				CURRENT_PROJECT_VERSION = AY067;
				DEAD_CODE_STRIPPING = YES;
				DEBUG_INFORMATION_FORMAT = dwarf;
				ENABLE_STRICT_OBJC_MSGSEND = YES;
				ENABLE_TESTABILITY = YES;
				ENABLE_USER_SCRIPT_SANDBOXING = YES;
				GCC_DYNAMIC_NO_PIC = NO;
				GCC_NO_COMMON_BLOCKS = YES;
				GCC_OPTIMIZATION_LEVEL = 0;
				GCC_PREPROCESSOR_DEFINITIONS = (
					"DEBUG=1",
					"$(inherited)",
				);
				GCC_WARN_64_TO_32_BIT_CONVERSION = YES;
				GCC_WARN_ABOUT_RETURN_TYPE = YES_ERROR;
				GCC_WARN_UNDECLARED_SELECTOR = YES;
				GCC_WARN_UNINITIALIZED_AUTOS = YES_AGGRESSIVE;
				GCC_WARN_UNUSED_FUNCTION = YES;
				GCC_WARN_UNUSED_VARIABLE = YES;
				INFOPLIST_FILE = DSKY/FONTS/Fonts.plist;
				IPHONEOS_DEPLOYMENT_TARGET = 17.6;
				LOCALIZATION_PREFERS_STRING_CATALOGS = YES;
				MACOSX_DEPLOYMENT_TARGET = 12.4;
				MARKETING_VERSION = 0.9.7;
				MTL_ENABLE_DEBUG_INFO = INCLUDE_SOURCE;
				MTL_FAST_MATH = YES;
				ONLY_ACTIVE_ARCH = YES;
				PRODUCT_BUNDLE_IDENTIFIER = com.ramsaycons.ApoDisKey;
				PRODUCT_NAME = ApoDisKey;
				SWIFT_ACTIVE_COMPILATION_CONDITIONS = "MONTEREY DEBUG $(inherited)";
				SWIFT_OPTIMIZATION_LEVEL = "-Onone";
				SWIFT_STRICT_CONCURRENCY = minimal;
				SWIFT_VERSION = 5.0;
			};
			name = Debug;
		};
		867EBD882C3A1E2A004C4DDD /* Release */ = {
			isa = XCBuildConfiguration;
			buildSettings = {
				ALWAYS_SEARCH_USER_PATHS = NO;
				ASSETCATALOG_COMPILER_GENERATE_SWIFT_ASSET_SYMBOL_EXTENSIONS = YES;
				CLANG_ANALYZER_NONNULL = YES;
				CLANG_ANALYZER_NUMBER_OBJECT_CONVERSION = YES_AGGRESSIVE;
				CLANG_ENABLE_MODULES = YES;
				CLANG_ENABLE_OBJC_ARC = YES;
				CLANG_ENABLE_OBJC_WEAK = YES;
				CLANG_WARN_BLOCK_CAPTURE_AUTORELEASING = YES;
				CLANG_WARN_BOOL_CONVERSION = YES;
				CLANG_WARN_COMMA = YES;
				CLANG_WARN_CONSTANT_CONVERSION = YES;
				CLANG_WARN_DEPRECATED_OBJC_IMPLEMENTATIONS = YES;
				CLANG_WARN_DIRECT_OBJC_ISA_USAGE = YES_ERROR;
				CLANG_WARN_DOCUMENTATION_COMMENTS = YES;
				CLANG_WARN_EMPTY_BODY = YES;
				CLANG_WARN_ENUM_CONVERSION = YES;
				CLANG_WARN_INFINITE_RECURSION = YES;
				CLANG_WARN_INT_CONVERSION = YES;
				CLANG_WARN_NON_LITERAL_NULL_CONVERSION = YES;
				CLANG_WARN_OBJC_IMPLICIT_RETAIN_SELF = YES;
				CLANG_WARN_OBJC_LITERAL_CONVERSION = YES;
				CLANG_WARN_OBJC_ROOT_CLASS = YES_ERROR;
				CLANG_WARN_QUOTED_INCLUDE_IN_FRAMEWORK_HEADER = YES;
				CLANG_WARN_RANGE_LOOP_ANALYSIS = YES;
				CLANG_WARN_STRICT_PROTOTYPES = YES;
				CLANG_WARN_SUSPICIOUS_MOVE = YES;
				CLANG_WARN_UNGUARDED_AVAILABILITY = YES_AGGRESSIVE;
				CLANG_WARN_UNREACHABLE_CODE = YES;
				CLANG_WARN__DUPLICATE_METHOD_MATCH = YES;
				COPY_PHASE_STRIP = NO;
				CURRENT_PROJECT_VERSION = AY067;
				DEAD_CODE_STRIPPING = YES;
				DEBUG_INFORMATION_FORMAT = "dwarf-with-dsym";
				ENABLE_NS_ASSERTIONS = NO;
				ENABLE_STRICT_OBJC_MSGSEND = YES;
				ENABLE_USER_SCRIPT_SANDBOXING = YES;
				GCC_NO_COMMON_BLOCKS = YES;
				GCC_PREPROCESSOR_DEFINITIONS = "";
				GCC_WARN_64_TO_32_BIT_CONVERSION = YES;
				GCC_WARN_ABOUT_RETURN_TYPE = YES_ERROR;
				GCC_WARN_UNDECLARED_SELECTOR = YES;
				GCC_WARN_UNINITIALIZED_AUTOS = YES_AGGRESSIVE;
				GCC_WARN_UNUSED_FUNCTION = YES;
				GCC_WARN_UNUSED_VARIABLE = YES;
				INFOPLIST_FILE = DSKY/FONTS/Fonts.plist;
				IPHONEOS_DEPLOYMENT_TARGET = 17.6;
				LOCALIZATION_PREFERS_STRING_CATALOGS = YES;
				MACOSX_DEPLOYMENT_TARGET = 12.4;
				MARKETING_VERSION = 0.9.7;
				MTL_ENABLE_DEBUG_INFO = NO;
				MTL_FAST_MATH = YES;
				PRODUCT_BUNDLE_IDENTIFIER = com.ramsaycons.ApoDisKey;
				PRODUCT_NAME = ApoDisKey;
				SWIFT_ACTIVE_COMPILATION_CONDITIONS = "MONTEREY $(inherited)";
				SWIFT_COMPILATION_MODE = wholemodule;
				SWIFT_STRICT_CONCURRENCY = minimal;
				SWIFT_VERSION = 5.0;
			};
			name = Release;
		};
		867EBD8A2C3A1E2A004C4DDD /* Debug */ = {
			isa = XCBuildConfiguration;
			buildSettings = {
				ASSETCATALOG_COMPILER_APPICON_NAME = AppIcon;
				ASSETCATALOG_COMPILER_INCLUDE_ALL_APPICON_ASSETS = NO;
				CODE_SIGN_ENTITLEMENTS = DSKY/DSKY.entitlements;
				CODE_SIGN_STYLE = Automatic;
				DEAD_CODE_STRIPPING = YES;
				DEVELOPMENT_TEAM = CXE9ZR7J3U;
				ENABLE_HARDENED_RUNTIME = YES;
				ENABLE_PREVIEWS = YES;
				GENERATE_INFOPLIST_FILE = YES;
				INFOPLIST_KEY_CFBundleDisplayName = ApoDisKey;
				INFOPLIST_KEY_LSApplicationCategoryType = "public.app-category.education";
				"INFOPLIST_KEY_UIApplicationSceneManifest_Generation[sdk=iphoneos*]" = YES;
				"INFOPLIST_KEY_UIApplicationSceneManifest_Generation[sdk=iphonesimulator*]" = YES;
				"INFOPLIST_KEY_UIApplicationSupportsIndirectInputEvents[sdk=iphoneos*]" = YES;
				"INFOPLIST_KEY_UIApplicationSupportsIndirectInputEvents[sdk=iphonesimulator*]" = YES;
				"INFOPLIST_KEY_UILaunchScreen_Generation[sdk=iphoneos*]" = YES;
				"INFOPLIST_KEY_UILaunchScreen_Generation[sdk=iphonesimulator*]" = YES;
				"INFOPLIST_KEY_UIStatusBarStyle[sdk=iphoneos*]" = UIStatusBarStyleDefault;
				"INFOPLIST_KEY_UIStatusBarStyle[sdk=iphonesimulator*]" = UIStatusBarStyleDefault;
				INFOPLIST_KEY_UISupportedInterfaceOrientations_iPad = "UIInterfaceOrientationPortrait UIInterfaceOrientationPortraitUpsideDown UIInterfaceOrientationLandscapeLeft UIInterfaceOrientationLandscapeRight";
				INFOPLIST_KEY_UISupportedInterfaceOrientations_iPhone = "UIInterfaceOrientationPortrait UIInterfaceOrientationLandscapeLeft UIInterfaceOrientationLandscapeRight";
				LD_RUNPATH_SEARCH_PATHS = "@executable_path/Frameworks";
				"LD_RUNPATH_SEARCH_PATHS[sdk=macosx*]" = "@executable_path/../Frameworks";
				MARKETING_VERSION = 0.9.7;
				PRODUCT_BUNDLE_IDENTIFIER = com.ramsaycons.ApoDisKey;
				SDKROOT = auto;
				SUPPORTED_PLATFORMS = "iphoneos iphonesimulator macosx";
				SWIFT_EMIT_LOC_STRINGS = YES;
				TARGETED_DEVICE_FAMILY = "1,2";
			};
			name = Debug;
		};
		867EBD8B2C3A1E2A004C4DDD /* Release */ = {
			isa = XCBuildConfiguration;
			buildSettings = {
				ASSETCATALOG_COMPILER_APPICON_NAME = AppIcon;
				ASSETCATALOG_COMPILER_INCLUDE_ALL_APPICON_ASSETS = NO;
				CODE_SIGN_ENTITLEMENTS = DSKY/DSKY.entitlements;
				CODE_SIGN_STYLE = Automatic;
				DEAD_CODE_STRIPPING = YES;
				DEVELOPMENT_TEAM = CXE9ZR7J3U;
				ENABLE_HARDENED_RUNTIME = YES;
				ENABLE_PREVIEWS = YES;
				GENERATE_INFOPLIST_FILE = YES;
				INFOPLIST_KEY_CFBundleDisplayName = ApoDisKey;
				INFOPLIST_KEY_LSApplicationCategoryType = "public.app-category.education";
				"INFOPLIST_KEY_UIApplicationSceneManifest_Generation[sdk=iphoneos*]" = YES;
				"INFOPLIST_KEY_UIApplicationSceneManifest_Generation[sdk=iphonesimulator*]" = YES;
				"INFOPLIST_KEY_UIApplicationSupportsIndirectInputEvents[sdk=iphoneos*]" = YES;
				"INFOPLIST_KEY_UIApplicationSupportsIndirectInputEvents[sdk=iphonesimulator*]" = YES;
				"INFOPLIST_KEY_UILaunchScreen_Generation[sdk=iphoneos*]" = YES;
				"INFOPLIST_KEY_UILaunchScreen_Generation[sdk=iphonesimulator*]" = YES;
				"INFOPLIST_KEY_UIStatusBarStyle[sdk=iphoneos*]" = UIStatusBarStyleDefault;
				"INFOPLIST_KEY_UIStatusBarStyle[sdk=iphonesimulator*]" = UIStatusBarStyleDefault;
				INFOPLIST_KEY_UISupportedInterfaceOrientations_iPad = "UIInterfaceOrientationPortrait UIInterfaceOrientationPortraitUpsideDown UIInterfaceOrientationLandscapeLeft UIInterfaceOrientationLandscapeRight";
				INFOPLIST_KEY_UISupportedInterfaceOrientations_iPhone = "UIInterfaceOrientationPortrait UIInterfaceOrientationLandscapeLeft UIInterfaceOrientationLandscapeRight";
				LD_RUNPATH_SEARCH_PATHS = "@executable_path/Frameworks";
				"LD_RUNPATH_SEARCH_PATHS[sdk=macosx*]" = "@executable_path/../Frameworks";
				MARKETING_VERSION = 0.9.7;
				PRODUCT_BUNDLE_IDENTIFIER = com.ramsaycons.ApoDisKey;
				SDKROOT = auto;
				SUPPORTED_PLATFORMS = "iphoneos iphonesimulator macosx";
				SWIFT_EMIT_LOC_STRINGS = YES;
				TARGETED_DEVICE_FAMILY = "1,2";
			};
			name = Release;
		};
		867EBD8D2C3A1E2A004C4DDD /* Debug */ = {
			isa = XCBuildConfiguration;
			buildSettings = {
				BUNDLE_LOADER = "$(TEST_HOST)";
				CODE_SIGN_STYLE = Automatic;
				CURRENT_PROJECT_VERSION = 1;
				DEAD_CODE_STRIPPING = YES;
				DEVELOPMENT_TEAM = CXE9ZR7J3U;
				GENERATE_INFOPLIST_FILE = YES;
				IPHONEOS_DEPLOYMENT_TARGET = 17.6;
				MACOSX_DEPLOYMENT_TARGET = 14.0;
				MARKETING_VERSION = 1.0;
				PRODUCT_BUNDLE_IDENTIFIER = com.ramsaycons.DSKYTests;
				PRODUCT_NAME = "$(TARGET_NAME)";
				SDKROOT = auto;
				SUPPORTED_PLATFORMS = "iphoneos iphonesimulator macosx";
				SWIFT_EMIT_LOC_STRINGS = NO;
				TARGETED_DEVICE_FAMILY = "1,2";
			};
			name = Debug;
		};
		867EBD8E2C3A1E2A004C4DDD /* Release */ = {
			isa = XCBuildConfiguration;
			buildSettings = {
				BUNDLE_LOADER = "$(TEST_HOST)";
				CODE_SIGN_STYLE = Automatic;
				CURRENT_PROJECT_VERSION = 1;
				DEAD_CODE_STRIPPING = YES;
				DEVELOPMENT_TEAM = CXE9ZR7J3U;
				GENERATE_INFOPLIST_FILE = YES;
				IPHONEOS_DEPLOYMENT_TARGET = 17.6;
				MACOSX_DEPLOYMENT_TARGET = 14.0;
				MARKETING_VERSION = 1.0;
				PRODUCT_BUNDLE_IDENTIFIER = com.ramsaycons.DSKYTests;
				PRODUCT_NAME = "$(TARGET_NAME)";
				SDKROOT = auto;
				SUPPORTED_PLATFORMS = "iphoneos iphonesimulator macosx";
				SWIFT_EMIT_LOC_STRINGS = NO;
				TARGETED_DEVICE_FAMILY = "1,2";
			};
			name = Release;
		};
/* End XCBuildConfiguration section */

/* Begin XCConfigurationList section */
		867EBD5F2C3A1E29004C4DDD /* Build configuration list for PBXProject "ApoDisKey" */ = {
			isa = XCConfigurationList;
			buildConfigurations = (
				867EBD872C3A1E2A004C4DDD /* Debug */,
				867EBD882C3A1E2A004C4DDD /* Release */,
			);
			defaultConfigurationIsVisible = 0;
			defaultConfigurationName = Release;
		};
		867EBD892C3A1E2A004C4DDD /* Build configuration list for PBXNativeTarget "ApoDisKey" */ = {
			isa = XCConfigurationList;
			buildConfigurations = (
				867EBD8A2C3A1E2A004C4DDD /* Debug */,
				867EBD8B2C3A1E2A004C4DDD /* Release */,
			);
			defaultConfigurationIsVisible = 0;
			defaultConfigurationName = Release;
		};
		867EBD8C2C3A1E2A004C4DDD /* Build configuration list for PBXNativeTarget "ApoDisKeyTests" */ = {
			isa = XCConfigurationList;
			buildConfigurations = (
				867EBD8D2C3A1E2A004C4DDD /* Debug */,
				867EBD8E2C3A1E2A004C4DDD /* Release */,
			);
			defaultConfigurationIsVisible = 0;
			defaultConfigurationName = Release;
		};
/* End XCConfigurationList section */
	};
	rootObject = 867EBD5C2C3A1E29004C4DDD /* Project object */;
}
