<?xml version="1.0" encoding="UTF-8"?>
<Scheme
   LastUpgradeVersion = "1600"
   version = "1.7">
   <BuildAction
      parallelizeBuildables = "YES"
      buildImplicitDependencies = "YES"
      buildArchitectures = "Automatic">
      <BuildActionEntries>
         <BuildActionEntry
            buildForTesting = "YES"
            buildForRunning = "YES"
            buildForProfiling = "YES"
            buildForArchiving = "YES"
            buildForAnalyzing = "YES">
            <BuildableReference
               BuildableIdentifier = "primary"
               BlueprintIdentifier = "867EBD632C3A1E29004C4DDD"
               BuildableName = "ApoDisKey.app"
               BlueprintName = "ApoDisKey"
               ReferencedContainer = "container:ApoDisKey.xcodeproj">
            </BuildableReference>
         </BuildActionEntry>
      </BuildActionEntries>
   </BuildAction>
   <TestAction
      buildConfiguration = "Debug"
      selectedDebuggerIdentifier = "Xcode.DebuggerFoundation.Debugger.LLDB"
      selectedLauncherIdentifier = "Xcode.DebuggerFoundation.Launcher.LLDB"
      shouldUseLaunchSchemeArgsEnv = "YES">
      <TestPlans>
         <TestPlanReference
            reference = "container:DSKYTests/DSKY.xctestplan"
            default = "YES">
         </TestPlanReference>
      </TestPlans>
      <Testables>
         <TestableReference
            skipped = "NO"
            parallelizable = "YES">
            <BuildableReference
               BuildableIdentifier = "primary"
               BlueprintIdentifier = "867EBD742C3A1E2A004C4DDD"
               BuildableName = "ApoDisKeyTests.xctest"
               BlueprintName = "ApoDisKeyTests"
               ReferencedContainer = "container:ApoDisKey.xcodeproj">
            </BuildableReference>
         </TestableReference>
      </Testables>
   </TestAction>
   <LaunchAction
      buildConfiguration = "Debug"
      selectedDebuggerIdentifier = "Xcode.DebuggerFoundation.Debugger.LLDB"
      selectedLauncherIdentifier = "Xcode.DebuggerFoundation.Launcher.LLDB"
      launchStyle = "0"
      useCustomWorkingDirectory = "NO"
      ignoresPersistentStateOnLaunch = "NO"
      debugDocumentVersioning = "NO"
      debugServiceExtension = "internal"
      allowLocationSimulation = "YES">
      <BuildableProductRunnable
         runnableDebuggingMode = "0">
         <BuildableReference
            BuildableIdentifier = "primary"
            BlueprintIdentifier = "867EBD632C3A1E29004C4DDD"
            BuildableName = "ApoDisKey.app"
            BlueprintName = "ApoDisKey"
            ReferencedContainer = "container:ApoDisKey.xcodeproj">
         </BuildableReference>
      </BuildableProductRunnable>
      <CommandLineArguments>
         <CommandLineArgument
            argument = "--log-timer"
            isEnabled = "NO">
         </CommandLineArgument>
         <CommandLineArgument
            argument = "--ip=localhost"
            isEnabled = "YES">
         </CommandLineArgument>
         <CommandLineArgument
            argument = "--port=19698"
            isEnabled = "YES">
         </CommandLineArgument>
         <CommandLineArgument
            argument = "--cfg=LM0.ini"
            isEnabled = "YES">
         </CommandLineArgument>
         <CommandLineArgument
            argument = "--half-size"
            isEnabled = "NO">
         </CommandLineArgument>
         <CommandLineArgument
            argument = "--x=400"
            isEnabled = "NO">
         </CommandLineArgument>
         <CommandLineArgument
            argument = "--y=100"
            isEnabled = "NO">
         </CommandLineArgument>
      </CommandLineArguments>
   </LaunchAction>
   <ProfileAction
      buildConfiguration = "Release"
      shouldUseLaunchSchemeArgsEnv = "YES"
      savedToolIdentifier = ""
      useCustomWorkingDirectory = "NO"
      debugDocumentVersioning = "YES">
      <BuildableProductRunnable
         runnableDebuggingMode = "0">
         <BuildableReference
            BuildableIdentifier = "primary"
            BlueprintIdentifier = "867EBD632C3A1E29004C4DDD"
            BuildableName = "ApoDisKey.app"
            BlueprintName = "ApoDisKey"
            ReferencedContainer = "container:ApoDisKey.xcodeproj">
         </BuildableReference>
      </BuildableProductRunnable>
   </ProfileAction>
   <AnalyzeAction
      buildConfiguration = "Debug">
   </AnalyzeAction>
   <ArchiveAction
      buildConfiguration = "Release"
      revealArchiveInOrganizer = "YES">
   </ArchiveAction>
</Scheme>
